
Microsoft Visual Studio Solution File, Format Version 12.00
# Visual Studio Version 16
VisualStudioVersion = 16.0.31424.327
MinimumVisualStudioVersion = 10.0.40219.1
Project("{FAE04EC0-301F-11D3-BF4B-00C04F79EFBC}") = "MuliChat", "MuliChat\MuliChat.csproj", "{83BC606E-4A7A-4C27-BD4D-F42421261FD6}"
EndProject
Global
	GlobalSection(SolutionConfigurationPlatforms) = preSolution
		Debug|Any CPU = Debug|Any CPU
		Release|Any CPU = Release|Any CPU
	EndGlobalSection
	GlobalSection(ProjectConfigurationPlatforms) = postSolution
		{83BC606E-4A7A-4C27-BD4D-F42421261FD6}.Debug|Any CPU.ActiveCfg = Debug|Any CPU
		{83BC606E-4A7A-4C27-BD4D-F42421261FD6}.Debug|Any CPU.Build.0 = Debug|Any CPU
		{83BC606E-4A7A-4C27-BD4D-F42421261FD6}.Release|Any CPU.ActiveCfg = Release|Any CPU
		{83BC606E-4A7A-4C27-BD4D-F42421261FD6}.Release|Any CPU.Build.0 = Release|Any CPU
	EndGlobalSection
	GlobalSection(SolutionProperties) = preSolution
		HideSolutionNode = FALSE
	EndGlobalSection
	GlobalSection(ExtensibilityGlobals) = postSolution
		SolutionGuid = {C0DC6CBE-7060-4A0E-84DA-96251B9F1112}
	EndGlobalSection
EndGlobal
